{
  "originHash" : "e14df59b744e0dc17f3920e37c4b66d1edc486d8908236984d91d563ad059750",
  "pins" : [
    {
      "identity" : "env",
      "kind" : "remoteSourceControl",
      "location" : "https://github.com/tomieq/Env.git",
      "state" : {
        "revision" : "a1aef7b68d3a5d23a293597a95874fb7f4fe07a7",
        "version" : "1.0.8"
      }
    },
    {
      "identity" : "logger",
      "kind" : "remoteSourceControl",
      "location" : "https://github.com/tomieq/Logger.git",
      "state" : {
        "revision" : "85301b460dce3c4671054a879895fa3df3bbf9fe",
        "version" : "1.1.0"
      }
    },
    {
      "identity" : "mcpserver",
      "kind" : "remoteSourceControl",
      "location" : "https://github.com/tomieq/MCPServer",
      "state" : {
        "branch" : "master",
        "revision" : "21546a63546dcfa471f1cff0e918e614f518e39a"
      }
    },
    {
      "identity" : "swift-asn1",
      "kind" : "remoteSourceControl",
      "location" : "https://github.com/apple/swift-asn1.git",
      "state" : {
        "revision" : "a9a5efd40eaf558a2bcd48d64b1d1646be686008",
        "version" : "1.7.1"
      }
    },
    {
      "identity" : "swift-crypto",
      "kind" : "remoteSourceControl",
      "location" : "https://github.com/apple/swift-crypto.git",
      "state" : {
        "revision" : "95ba0316a9b733e92bb6b071255ff46263bbe7dc",
        "version" : "3.15.1"
      }
    },
    {
      "identity" : "swifter",
      "kind" : "remoteSourceControl",
      "location" : "https://github.com/tomieq/swifter.git",
      "state" : {
        "revision" : "f80410f8ad1e47db4d126faf2447f7f9a7af4bc0",
        "version" : "3.1.1"
      }
    },
    {
      "identity" : "swiftextensions",
      "kind" : "remoteSourceControl",
      "location" : "https://github.com/tomieq/SwiftExtensions",
      "state" : {
        "revision" : "f3c8b038ff2d44ec600316cab07326a69b4c79cf",
        "version" : "2.0.1"
      }
    },
    {
      "identity" : "webresponse",
      "kind" : "remoteSourceControl",
      "location" : "https://github.com/tomieq/WebResponse",
      "state" : {
        "branch" : "master",
        "revision" : "aabf12befdb510ab8e9c6425a6cf347fb91c3756"
      }
    }
  ],
  "version" : 3
}
