{
  "originHash" : "a66e0ab71b254aa3cff0b6447ceb7b8da4295d146c360957a16ca480cd56eb9f",
  "pins" : [
    {
      "identity" : "env",
      "kind" : "remoteSourceControl",
      "location" : "https://github.com/tomieq/Env.git",
      "state" : {
        "revision" : "a1aef7b68d3a5d23a293597a95874fb7f4fe07a7",
        "version" : "1.0.8"
      }
    },
    {
      "identity" : "logger",
      "kind" : "remoteSourceControl",
      "location" : "https://github.com/tomieq/Logger.git",
      "state" : {
        "revision" : "85301b460dce3c4671054a879895fa3df3bbf9fe",
        "version" : "1.1.0"
      }
    },
    {
      "identity" : "mcpserver",
      "kind" : "remoteSourceControl",
      "location" : "https://github.com/tomieq/MCPServer",
      "state" : {
        "branch" : "master",
        "revision" : "21546a63546dcfa471f1cff0e918e614f518e39a"
      }
    },
    {
      "identity" : "swifter",
      "kind" : "remoteSourceControl",
      "location" : "https://github.com/tomieq/swifter.git",
      "state" : {
        "revision" : "f80410f8ad1e47db4d126faf2447f7f9a7af4bc0",
        "version" : "3.1.1"
      }
    },
    {
      "identity" : "swiftextensions",
      "kind" : "remoteSourceControl",
      "location" : "https://github.com/tomieq/SwiftExtensions",
      "state" : {
        "revision" : "f3c8b038ff2d44ec600316cab07326a69b4c79cf",
        "version" : "2.0.1"
      }
    },
    {
      "identity" : "webresponse",
      "kind" : "remoteSourceControl",
      "location" : "https://github.com/tomieq/WebResponse",
      "state" : {
        "revision" : "4c4471442ecef9863239d2b989c8e92a5818d283",
        "version" : "1.1.0"
      }
    }
  ],
  "version" : 3
}
